
Microsoft Visual Studio Solution File, Format Version 12.00
# Visual Studio Version 17
VisualStudioVersion = 17.5.33627.172
MinimumVisualStudioVersion = 10.0.40219.1
Project("{FAE04EC0-301F-11D3-BF4B-00C04F79EFBC}") = "VIllaAPI", "VIllaAPI\VIllaAPI.csproj", "{EC75F6C4-2B31-4E27-8E81-0F5BC3935BA3}"
EndProject
Global
	GlobalSection(SolutionConfigurationPlatforms) = preSolution
		Debug|Any CPU = Debug|Any CPU
		Release|Any CPU = Release|Any CPU
	EndGlobalSection
	GlobalSection(ProjectConfigurationPlatforms) = postSolution
		{EC75F6C4-2B31-4E27-8E81-0F5BC3935BA3}.Debug|Any CPU.ActiveCfg = Debug|Any CPU
		{EC75F6C4-2B31-4E27-8E81-0F5BC3935BA3}.Debug|Any CPU.Build.0 = Debug|Any CPU
		{EC75F6C4-2B31-4E27-8E81-0F5BC3935BA3}.Release|Any CPU.ActiveCfg = Release|Any CPU
		{EC75F6C4-2B31-4E27-8E81-0F5BC3935BA3}.Release|Any CPU.Build.0 = Release|Any CPU
	EndGlobalSection
	GlobalSection(SolutionProperties) = preSolution
		HideSolutionNode = FALSE
	EndGlobalSection
	GlobalSection(ExtensibilityGlobals) = postSolution
		SolutionGuid = {69A3E61F-1F27-49AE-B2E3-A752A834C21B}
	EndGlobalSection
EndGlobal
